# This file is autogenerated, do not edit; changes may be undone by the next 'dep ensure'.


[[projects]]
  branch = "master"
  digest = "1:7219a79e7d775b1813e267812e39f04ed15ece1428b1c3e5b24df78e37ab7795"
  name = "github.com/dchest/uniuri"
  packages = ["."]
  pruneopts = "UT"
  revision = "7aecb25e1fe5a22533fab90a637a8f74a9cf7340"

[[projects]]
  digest = "1:0594af97b2f4cec6554086eeace6597e20a4b69466eb4ada25adf9f4300dddd2"
  name = "github.com/garyburd/redigo"
  packages = [
    "internal",
    "redis",
  ]
  pruneopts = "UT"
  revision = "a69d19351219b6dd56f274f96d85a7014a2ec34e"
  version = "v1.6.0"

[[projects]]
  digest = "1:36fe9527deed01d2a317617e59304eb2c4ce9f8a24115bcc5c2e37b3aee5bae4"
  name = "github.com/gin-contrib/sse"
  packages = ["."]
  pruneopts = "UT"
  revision = "22d885f9ecc78bf4ee5d72b937e4bbcdc58e8cae"

[[projects]]
  branch = "fix-redirect-slash"
  digest = "1:07d84b0111d47bbac98b31e0161d19782b5dc55e86a763301cef39473c0267ea"
  name = "github.com/gin-gonic/gin"
  packages = [
    ".",
    "binding",
    "json",
    "render",
  ]
  pruneopts = "UT"
  revision = "588879e55f3c13099159e1f24b7b90946f31266b"
  source = "https://github.com/requilence/gin.git"

[[projects]]
  digest = "1:112b07cad4bd500e6e445cc0b9294ca310faa41199c19475c557daa2c7519549"
  name = "github.com/golang/protobuf"
  packages = ["proto"]
  pruneopts = "UT"
  revision = "1b794fe86dd6a0c7c52ae69b5c9cb0aeedc52afa"
  version = "v1.4.0"

[[projects]]
  digest = "1:de61be93d4e52022c2331a1c9272b14a7f80ac0388392931d771506352252fd0"
  name = "github.com/google/go-github"
  packages = ["github"]
  pruneopts = "UT"
  revision = "e0066688b631702f66e0435ee1633f9d0091e4b9"
  version = "v31.0.0"

[[projects]]
  digest = "1:a63cff6b5d8b95638bfe300385d93b2a6d9d687734b863da8e09dc834510a690"
  name = "github.com/google/go-querystring"
  packages = ["query"]
  pruneopts = "UT"
  revision = "44c6ddd0a2342c386950e880b658017258da92fc"
  version = "v1.0.0"

[[projects]]
  digest = "1:be97e109f627d3ba8edfef50c9c74f0d0c17cbe3a2e924a8985e4804a894f282"
  name = "github.com/json-iterator/go"
  packages = ["."]
  pruneopts = "UT"
  revision = "36b14963da70d11297d313183d7e6388c8510e1e"
  version = "1.0.0"

[[projects]]
  digest = "1:fd9bea48bbc5bba66d9891c72af7255fbebecdff845c37c679406174ece5ca1b"
  name = "github.com/kelseyhightower/envconfig"
  packages = ["."]
  pruneopts = "UT"
  revision = "0b417c4ec4a8a82eecc22a1459a504aa55163d61"
  version = "v1.4.0"

[[projects]]
  digest = "1:e30ac47ee84d7d354e0a284cf742e3015400667e90aa3d6ae99c7a55da67c645"
  name = "github.com/kennygrant/sanitize"
  packages = ["."]
  pruneopts = "UT"
  revision = "06ec0d0dbcd497d01e5189b16f5263f712e61a8e"
  version = "v1.2.4"

[[projects]]
  digest = "1:31e761d97c76151dde79e9d28964a812c46efc5baee4085b86f68f0c654450de"
  name = "github.com/konsorten/go-windows-terminal-sequences"
  packages = ["."]
  pruneopts = "UT"
  revision = "f55edac94c9bbba5d6182a4be46d86a2c9b5b50e"
  version = "v1.0.2"

[[projects]]
  digest = "1:fa610f9fe6a93f4a75e64c83673dfff9bf1a34bbb21e6102021b6bc7850834a3"
  name = "github.com/mattn/go-isatty"
  packages = ["."]
  pruneopts = "UT"
  revision = "57fdcb988a5c543893cc61bce354a6e24ab70022"

[[projects]]
  digest = "1:c9e6604810ec8f8b44d67be4419a2d552b7c85f34f0e9fd0fd929beae5e45d10"
  name = "github.com/mrjones/oauth"
  packages = ["."]
  pruneopts = "UT"
  revision = "3f67d9c274355678b2f9844b08d643e2f9213340"

[[projects]]
  digest = "1:9aae891ec72e3620044b10be1165b34a220db731cfb5f2e2b14b23bdaa5d9a5a"
  name = "github.com/requilence/integram"
  packages = ["."]
  pruneopts = "UT"
  revision = "949810d9bd0b6058e1918d83ae3ec3f6b964ca4e"

[[projects]]
  branch = "master"
  digest = "1:926526272c2dd9f9c6ba1b1fc1fc04a8926838a7f2f5db37bf5ecc9940248b18"
  name = "github.com/requilence/jobs"
  packages = ["."]
  pruneopts = "UT"
  revision = "e8ced46bbdc79f5c9ac81547ed86484cfb4ba1f9"

[[projects]]
  branch = "master"
  digest = "1:d6b94fc556abe0a0d2f5fb1fc5a378524595cb2653ec06feedb2b82935887459"
  name = "github.com/requilence/telegram-bot-api"
  packages = ["."]
  pruneopts = "UT"
  revision = "440431af8b3c1c003c748ce1e3fbca1c836be891"

[[projects]]
  branch = "master"
  digest = "1:b348faf51e9fab0a644967f4b3cccb9c742cecee8b3d0160a538b39d2c8c56cd"
  name = "github.com/requilence/url"
  packages = ["."]
  pruneopts = "UT"
  revision = "6fc4fc0c65da72e95d19a8e5056e222a4f12357f"

[[projects]]
  digest = "1:0599141a8403114d34f1e546604ad6c5361b70dfa80e80c635f438cdbf71b43a"
  name = "github.com/sirupsen/logrus"
  packages = ["."]
  pruneopts = "UT"
  revision = "d417be0fe654de640a82370515129985b407c7e3"
  version = "v1.5.0"

[[projects]]
  digest = "1:420817f94b6c172dabb8a054d0b2d257d7437a87c7c8c7ee432bc008a577fc46"
  name = "github.com/technoweenie/multipartstreamer"
  packages = ["."]
  pruneopts = "UT"
  revision = "a90a01d73ae432e2611d178c18367fbaa13e0154"
  version = "v1.0.1"

[[projects]]
  digest = "1:c268acaa4a4d94a467980e5e91452eb61c460145765293dc0aed48e5e9919cc6"
  name = "github.com/ugorji/go"
  packages = ["codec"]
  pruneopts = "UT"
  revision = "c88ee250d0221a57af388746f5cf03768c21d6e2"

[[projects]]
  digest = "1:a7cbc2532c48a223b5d702e2207e29d12998f45516f68b4acf946808ba2ba7f9"
  name = "github.com/vova616/xxhash"
  packages = ["."]
  pruneopts = "UT"
  revision = "f0a9a8b74d487f9563a527daf3bd6b4fbd3f5d00"

[[projects]]
  digest = "1:5c2e0bcdb121d29c54cfcb0e5d0988b502fa5b3f4a2e1ee1231eec7aed1b6b13"
  name = "github.com/weekface/mgorus"
  packages = ["."]
  pruneopts = "UT"
  revision = "83720e22971a8301c5b2738c9364accd3d9eb13a"

[[projects]]
  branch = "master"
  digest = "1:07c9329a75451b6c0d49cfea8da6c1dd21a70bd06c3e538e34f5b0d763a223f7"
  name = "golang.org/x/crypto"
  packages = [
    "cast5",
    "openpgp",
    "openpgp/armor",
    "openpgp/elgamal",
    "openpgp/errors",
    "openpgp/packet",
    "openpgp/s2k",
  ]
  pruneopts = "UT"
  revision = "4bdfaf469ed5a1194e0ec57ec7b1af73991a7ee3"

[[projects]]
  branch = "master"
  digest = "1:81f001fcd04e49fd9ea8e4be9c84002b8744b6f7909f14aa11dc9102d14c1d03"
  name = "golang.org/x/net"
  packages = [
    "context",
    "context/ctxhttp",
    "html",
    "html/atom",
  ]
  pruneopts = "UT"
  revision = "ff2c4b7c35a07b0c1e90ce72aa7bfe41bb66a3cb"

[[projects]]
  branch = "master"
  digest = "1:911b45b658f5fab1a26259e2fd1085ab296f9d3e46117311d25f8dae51efe720"
  name = "golang.org/x/oauth2"
  packages = [
    ".",
    "internal",
  ]
  pruneopts = "UT"
  revision = "bf48bf16ab8d622ce64ec6ce98d2c98f916b6303"

[[projects]]
  branch = "master"
  digest = "1:f88172369bcdae548777d8f2c59b11561f7e41686f426c583a7abaeec6978cc7"
  name = "golang.org/x/sys"
  packages = ["unix"]
  pruneopts = "UT"
  revision = "1957bb5e6d1f523308b49060df02171d06ddfc77"

[[projects]]
  digest = "1:15bbb120d95283019f8891f2762fab3e735075b2cf9b378497277d2fe6c4abca"
  name = "google.golang.org/appengine"
  packages = [
    "internal",
    "internal/base",
    "internal/datastore",
    "internal/log",
    "internal/remote_api",
    "internal/urlfetch",
    "urlfetch",
  ]
  pruneopts = "UT"
  revision = "553959209a20f3be281c16dd5be5c740a893978f"
  version = "v1.6.6"

[[projects]]
  digest = "1:f1865c7b6c5f85632ff40fd729aa3393e66a2db3de74d43ab7c594be7e9bfe25"
  name = "google.golang.org/protobuf"
  packages = [
    "encoding/prototext",
    "encoding/protowire",
    "internal/descfmt",
    "internal/descopts",
    "internal/detrand",
    "internal/encoding/defval",
    "internal/encoding/messageset",
    "internal/encoding/tag",
    "internal/encoding/text",
    "internal/errors",
    "internal/fieldnum",
    "internal/fieldsort",
    "internal/filedesc",
    "internal/filetype",
    "internal/flags",
    "internal/genname",
    "internal/impl",
    "internal/mapsort",
    "internal/pragma",
    "internal/set",
    "internal/strs",
    "internal/version",
    "proto",
    "reflect/protoreflect",
    "reflect/protoregistry",
    "runtime/protoiface",
    "runtime/protoimpl",
  ]
  pruneopts = "UT"
  revision = "3b9eee12916ce611400f93d6c2fed2fc2911b0ad"
  version = "v1.21.0"

[[projects]]
  digest = "1:1b4724d3c8125f6044925f02b485b74bfec9905cbf579d95aafd1a6c8f8447d3"
  name = "gopkg.in/go-playground/validator.v8"
  packages = ["."]
  pruneopts = "UT"
  revision = "5f57d2222ad794d0dffb07e664ea05e2ee07d60c"
  version = "v8.18.1"

[[projects]]
  branch = "v2"
  digest = "1:4af24de1cba937fb5ef082e8860a47fd46282e6863c01930359368ee121e3114"
  name = "gopkg.in/mgo.v2"
  packages = [
    ".",
    "bson",
    "internal/json",
    "internal/sasl",
    "internal/scram",
  ]
  pruneopts = "UT"
  revision = "a6b53ec6cb22a3699387a57a161566f9402ee85b"

[[projects]]
  digest = "1:cacb98d52c60c337c2ce95a7af83ba0313a93ce5e73fa9e99a96aff70776b9d3"
  name = "gopkg.in/yaml.v2"
  packages = ["."]
  pruneopts = "UT"
  revision = "a5b47d31c556af34a302ce5d659e6fea44d90de0"

[solve-meta]
  analyzer-name = "dep"
  analyzer-version = 1
  input-imports = [
    "github.com/google/go-github/github",
    "github.com/kelseyhightower/envconfig",
    "github.com/requilence/integram",
    "golang.org/x/oauth2",
  ]
  solver-name = "gps-cdcl"
  solver-version = 1
